// !$*UTF8*$!
{
	archiveVersion = 1;
	classes = {
	};
	objectVersion = 46;
	objects = {

/* Begin PBXBuildFile section */
		DE211E7F62B987F561C55279 /* Pods_Tweeter.framework in Frameworks */ = {isa = PBXBuildFile; fileRef = 7743B3C778DF386AFB8F8FC7 /* Pods_Tweeter.framework */; };
		FA067B271C61798D0012FEC1 /* AppDelegate.swift in Sources */ = {isa = PBXBuildFile; fileRef = FA067B261C61798D0012FEC1 /* AppDelegate.swift */; };
		FA067B2C1C61798D0012FEC1 /* Main.storyboard in Resources */ = {isa = PBXBuildFile; fileRef = FA067B2A1C61798D0012FEC1 /* Main.storyboard */; };
		FA067B2F1C61798D0012FEC1 /* Tweeter.xcdatamodeld in Sources */ = {isa = PBXBuildFile; fileRef = FA067B2D1C61798D0012FEC1 /* Tweeter.xcdatamodeld */; };
		FA067B311C61798D0012FEC1 /* Assets.xcassets in Resources */ = {isa = PBXBuildFile; fileRef = FA067B301C61798D0012FEC1 /* Assets.xcassets */; };
		FA067B341C61798D0012FEC1 /* LaunchScreen.storyboard in Resources */ = {isa = PBXBuildFile; fileRef = FA067B321C61798D0012FEC1 /* LaunchScreen.storyboard */; };
		FA067B3F1C61798D0012FEC1 /* TweeterTests.swift in Sources */ = {isa = PBXBuildFile; fileRef = FA067B3E1C61798D0012FEC1 /* TweeterTests.swift */; };
		FA067B4A1C61798D0012FEC1 /* TweeterUITests.swift in Sources */ = {isa = PBXBuildFile; fileRef = FA067B491C61798D0012FEC1 /* TweeterUITests.swift */; };
		FA108A4E1C672EFE008338CA /* LoginViewController.swift in Sources */ = {isa = PBXBuildFile; fileRef = FA108A4D1C672EFE008338CA /* LoginViewController.swift */; };
		FA108A511C6730B4008338CA /* TwitterClient.swift in Sources */ = {isa = PBXBuildFile; fileRef = FA108A501C6730B4008338CA /* TwitterClient.swift */; };
		FA108A541C6742F1008338CA /* User.swift in Sources */ = {isa = PBXBuildFile; fileRef = FA108A531C6742F1008338CA /* User.swift */; };
		FA108A561C674302008338CA /* Tweet.swift in Sources */ = {isa = PBXBuildFile; fileRef = FA108A551C674302008338CA /* Tweet.swift */; };
		FA108A581C6750D0008338CA /* TimelineViewController.swift in Sources */ = {isa = PBXBuildFile; fileRef = FA108A571C6750D0008338CA /* TimelineViewController.swift */; };
		FA71CFBF1C67D862008B7627 /* TweetCell.swift in Sources */ = {isa = PBXBuildFile; fileRef = FA71CFBE1C67D862008B7627 /* TweetCell.swift */; };
		FA71CFC11C6832D0008B7627 /* TweetDetailViewController.swift in Sources */ = {isa = PBXBuildFile; fileRef = FA71CFC01C6832D0008B7627 /* TweetDetailViewController.swift */; };
		FAB123371C72D957000D2492 /* NewTweetViewController.swift in Sources */ = {isa = PBXBuildFile; fileRef = FAB123361C72D957000D2492 /* NewTweetViewController.swift */; };
		FAB123391C72D965000D2492 /* ProfileViewController.swift in Sources */ = {isa = PBXBuildFile; fileRef = FAB123381C72D965000D2492 /* ProfileViewController.swift */; };
/* End PBXBuildFile section */

/* Begin PBXContainerItemProxy section */
		FA067B3B1C61798D0012FEC1 /* PBXContainerItemProxy */ = {
			isa = PBXContainerItemProxy;
			containerPortal = FA067B1B1C61798D0012FEC1 /* Project object */;
			proxyType = 1;
			remoteGlobalIDString = FA067B221C61798D0012FEC1;
			remoteInfo = Tweeter;
		};
		FA067B461C61798D0012FEC1 /* PBXContainerItemProxy */ = {
			isa = PBXContainerItemProxy;
			containerPortal = FA067B1B1C61798D0012FEC1 /* Project object */;
			proxyType = 1;
			remoteGlobalIDString = FA067B221C61798D0012FEC1;
			remoteInfo = Tweeter;
		};
/* End PBXContainerItemProxy section */

/* Begin PBXFileReference section */
		06EEF47EFDA929368C151A64 /* Pods-Tweeter.release.xcconfig */ = {isa = PBXFileReference; includeInIndex = 1; lastKnownFileType = text.xcconfig; name = "Pods-Tweeter.release.xcconfig"; path = "Pods/Target Support Files/Pods-Tweeter/Pods-Tweeter.release.xcconfig"; sourceTree = "<group>"; };
		7743B3C778DF386AFB8F8FC7 /* Pods_Tweeter.framework */ = {isa = PBXFileReference; explicitFileType = wrapper.framework; includeInIndex = 0; path = Pods_Tweeter.framework; sourceTree = BUILT_PRODUCTS_DIR; };
		7E572D7F55DB050B4A76A614 /* Pods-Tweeter.debug.xcconfig */ = {isa = PBXFileReference; includeInIndex = 1; lastKnownFileType = text.xcconfig; name = "Pods-Tweeter.debug.xcconfig"; path = "Pods/Target Support Files/Pods-Tweeter/Pods-Tweeter.debug.xcconfig"; sourceTree = "<group>"; };
		FA067B231C61798D0012FEC1 /* Tweeter.app */ = {isa = PBXFileReference; explicitFileType = wrapper.application; includeInIndex = 0; path = Tweeter.app; sourceTree = BUILT_PRODUCTS_DIR; };
		FA067B261C61798D0012FEC1 /* AppDelegate.swift */ = {isa = PBXFileReference; lastKnownFileType = sourcecode.swift; path = AppDelegate.swift; sourceTree = "<group>"; };
		FA067B2B1C61798D0012FEC1 /* Base */ = {isa = PBXFileReference; lastKnownFileType = file.storyboard; name = Base; path = Base.lproj/Main.storyboard; sourceTree = "<group>"; };
		FA067B2E1C61798D0012FEC1 /* Tweeter.xcdatamodel */ = {isa = PBXFileReference; lastKnownFileType = wrapper.xcdatamodel; path = Tweeter.xcdatamodel; sourceTree = "<group>"; };
		FA067B301C61798D0012FEC1 /* Assets.xcassets */ = {isa = PBXFileReference; lastKnownFileType = folder.assetcatalog; path = Assets.xcassets; sourceTree = "<group>"; };
		FA067B331C61798D0012FEC1 /* Base */ = {isa = PBXFileReference; lastKnownFileType = file.storyboard; name = Base; path = Base.lproj/LaunchScreen.storyboard; sourceTree = "<group>"; };
		FA067B351C61798D0012FEC1 /* Info.plist */ = {isa = PBXFileReference; lastKnownFileType = text.plist.xml; path = Info.plist; sourceTree = "<group>"; };
		FA067B3A1C61798D0012FEC1 /* TweeterTests.xctest */ = {isa = PBXFileReference; explicitFileType = wrapper.cfbundle; includeInIndex = 0; path = TweeterTests.xctest; sourceTree = BUILT_PRODUCTS_DIR; };
		FA067B3E1C61798D0012FEC1 /* TweeterTests.swift */ = {isa = PBXFileReference; lastKnownFileType = sourcecode.swift; path = TweeterTests.swift; sourceTree = "<group>"; };
		FA067B401C61798D0012FEC1 /* Info.plist */ = {isa = PBXFileReference; lastKnownFileType = text.plist.xml; path = Info.plist; sourceTree = "<group>"; };
		FA067B451C61798D0012FEC1 /* TweeterUITests.xctest */ = {isa = PBXFileReference; explicitFileType = wrapper.cfbundle; includeInIndex = 0; path = TweeterUITests.xctest; sourceTree = BUILT_PRODUCTS_DIR; };
		FA067B491C61798D0012FEC1 /* TweeterUITests.swift */ = {isa = PBXFileReference; lastKnownFileType = sourcecode.swift; path = TweeterUITests.swift; sourceTree = "<group>"; };
		FA067B4B1C61798D0012FEC1 /* Info.plist */ = {isa = PBXFileReference; lastKnownFileType = text.plist.xml; path = Info.plist; sourceTree = "<group>"; };
		FA108A4D1C672EFE008338CA /* LoginViewController.swift */ = {isa = PBXFileReference; fileEncoding = 4; lastKnownFileType = sourcecode.swift; path = LoginViewController.swift; sourceTree = "<group>"; };
		FA108A501C6730B4008338CA /* TwitterClient.swift */ = {isa = PBXFileReference; fileEncoding = 4; lastKnownFileType = sourcecode.swift; path = TwitterClient.swift; sourceTree = "<group>"; };
		FA108A531C6742F1008338CA /* User.swift */ = {isa = PBXFileReference; fileEncoding = 4; lastKnownFileType = sourcecode.swift; path = User.swift; sourceTree = "<group>"; };
		FA108A551C674302008338CA /* Tweet.swift */ = {isa = PBXFileReference; fileEncoding = 4; lastKnownFileType = sourcecode.swift; path = Tweet.swift; sourceTree = "<group>"; };
		FA108A571C6750D0008338CA /* TimelineViewController.swift */ = {isa = PBXFileReference; fileEncoding = 4; lastKnownFileType = sourcecode.swift; path = TimelineViewController.swift; sourceTree = "<group>"; };
		FA71CFBE1C67D862008B7627 /* TweetCell.swift */ = {isa = PBXFileReference; fileEncoding = 4; lastKnownFileType = sourcecode.swift; path = TweetCell.swift; sourceTree = "<group>"; };
		FA71CFC01C6832D0008B7627 /* TweetDetailViewController.swift */ = {isa = PBXFileReference; fileEncoding = 4; lastKnownFileType = sourcecode.swift; path = TweetDetailViewController.swift; sourceTree = "<group>"; };
		FAB123361C72D957000D2492 /* NewTweetViewController.swift */ = {isa = PBXFileReference; fileEncoding = 4; lastKnownFileType = sourcecode.swift; path = NewTweetViewController.swift; sourceTree = "<group>"; };
		FAB123381C72D965000D2492 /* ProfileViewController.swift */ = {isa = PBXFileReference; fileEncoding = 4; lastKnownFileType = sourcecode.swift; path = ProfileViewController.swift; sourceTree = "<group>"; };
/* End PBXFileReference section */

/* Begin PBXFrameworksBuildPhase section */
		FA067B201C61798D0012FEC1 /* Frameworks */ = {
			isa = PBXFrameworksBuildPhase;
			buildActionMask = 2147483647;
			files = (
				DE211E7F62B987F561C55279 /* Pods_Tweeter.framework in Frameworks */,
			);
			runOnlyForDeploymentPostprocessing = 0;
		};
		FA067B371C61798D0012FEC1 /* Frameworks */ = {
			isa = PBXFrameworksBuildPhase;
			buildActionMask = 2147483647;
			files = (
			);
			runOnlyForDeploymentPostprocessing = 0;
		};
		FA067B421C61798D0012FEC1 /* Frameworks */ = {
			isa = PBXFrameworksBuildPhase;
			buildActionMask = 2147483647;
			files = (
			);
			runOnlyForDeploymentPostprocessing = 0;
		};
/* End PBXFrameworksBuildPhase section */

/* Begin PBXGroup section */
		1655160FBA1F41184B33AE7E /* Pods */ = {
			isa = PBXGroup;
			children = (
				7E572D7F55DB050B4A76A614 /* Pods-Tweeter.debug.xcconfig */,
				06EEF47EFDA929368C151A64 /* Pods-Tweeter.release.xcconfig */,
			);
			name = Pods;
			sourceTree = "<group>";
		};
		744AF9494B66FE5E7C3DFBEA /* Frameworks */ = {
			isa = PBXGroup;
			children = (
				7743B3C778DF386AFB8F8FC7 /* Pods_Tweeter.framework */,
			);
			name = Frameworks;
			sourceTree = "<group>";
		};
		FA067B1A1C61798D0012FEC1 = {
			isa = PBXGroup;
			children = (
				FA067B251C61798D0012FEC1 /* Tweeter */,
				FA067B3D1C61798D0012FEC1 /* TweeterTests */,
				FA067B481C61798D0012FEC1 /* TweeterUITests */,
				FA067B241C61798D0012FEC1 /* Products */,
				1655160FBA1F41184B33AE7E /* Pods */,
				744AF9494B66FE5E7C3DFBEA /* Frameworks */,
			);
			sourceTree = "<group>";
		};
		FA067B241C61798D0012FEC1 /* Products */ = {
			isa = PBXGroup;
			children = (
				FA067B231C61798D0012FEC1 /* Tweeter.app */,
				FA067B3A1C61798D0012FEC1 /* TweeterTests.xctest */,
				FA067B451C61798D0012FEC1 /* TweeterUITests.xctest */,
			);
			name = Products;
			sourceTree = "<group>";
		};
		FA067B251C61798D0012FEC1 /* Tweeter */ = {
			isa = PBXGroup;
			children = (
				FA108A521C6742D2008338CA /* Models */,
				FA108A4F1C67307B008338CA /* API */,
				FA108A4A1C671D1C008338CA /* Views */,
				FA108A491C671D15008338CA /* View Controllers */,
				FA067B261C61798D0012FEC1 /* AppDelegate.swift */,
				FA067B2A1C61798D0012FEC1 /* Main.storyboard */,
				FA067B301C61798D0012FEC1 /* Assets.xcassets */,
				FA067B321C61798D0012FEC1 /* LaunchScreen.storyboard */,
				FA067B351C61798D0012FEC1 /* Info.plist */,
				FA067B2D1C61798D0012FEC1 /* Tweeter.xcdatamodeld */,
			);
			path = Tweeter;
			sourceTree = "<group>";
		};
		FA067B3D1C61798D0012FEC1 /* TweeterTests */ = {
			isa = PBXGroup;
			children = (
				FA067B3E1C61798D0012FEC1 /* TweeterTests.swift */,
				FA067B401C61798D0012FEC1 /* Info.plist */,
			);
			path = TweeterTests;
			sourceTree = "<group>";
		};
		FA067B481C61798D0012FEC1 /* TweeterUITests */ = {
			isa = PBXGroup;
			children = (
				FA067B491C61798D0012FEC1 /* TweeterUITests.swift */,
				FA067B4B1C61798D0012FEC1 /* Info.plist */,
			);
			path = TweeterUITests;
			sourceTree = "<group>";
		};
		FA108A491C671D15008338CA /* View Controllers */ = {
			isa = PBXGroup;
			children = (
				FA108A4D1C672EFE008338CA /* LoginViewController.swift */,
				FA108A571C6750D0008338CA /* TimelineViewController.swift */,
				FA71CFC01C6832D0008B7627 /* TweetDetailViewController.swift */,
				FAB123361C72D957000D2492 /* NewTweetViewController.swift */,
				FAB123381C72D965000D2492 /* ProfileViewController.swift */,
			);
			name = "View Controllers";
			sourceTree = "<group>";
		};
		FA108A4A1C671D1C008338CA /* Views */ = {
			isa = PBXGroup;
			children = (
				FA71CFBE1C67D862008B7627 /* TweetCell.swift */,
			);
			name = Views;
			sourceTree = "<group>";
		};
		FA108A4F1C67307B008338CA /* API */ = {
			isa = PBXGroup;
			children = (
				FA108A501C6730B4008338CA /* TwitterClient.swift */,
			);
			name = API;
			sourceTree = "<group>";
		};
		FA108A521C6742D2008338CA /* Models */ = {
			isa = PBXGroup;
			children = (
				FA108A531C6742F1008338CA /* User.swift */,
				FA108A551C674302008338CA /* Tweet.swift */,
			);
			name = Models;
			sourceTree = "<group>";
		};
/* End PBXGroup section */

/* Begin PBXNativeTarget section */
		FA067B221C61798D0012FEC1 /* Tweeter */ = {
			isa = PBXNativeTarget;
			buildConfigurationList = FA067B4E1C61798D0012FEC1 /* Build configuration list for PBXNativeTarget "Tweeter" */;
			buildPhases = (
				B620832AD28553CCFF1EBCC7 /* Check Pods Manifest.lock */,
				FA067B1F1C61798D0012FEC1 /* Sources */,
				FA067B201C61798D0012FEC1 /* Frameworks */,
				FA067B211C61798D0012FEC1 /* Resources */,
				B4C114605C5C37D55456926D /* Embed Pods Frameworks */,
				B60E8B7D1B8A836196CECA1C /* Copy Pods Resources */,
			);
			buildRules = (
			);
			dependencies = (
			);
			name = Tweeter;
			productName = Tweeter;
			productReference = FA067B231C61798D0012FEC1 /* Tweeter.app */;
			productType = "com.apple.product-type.application";
		};
		FA067B391C61798D0012FEC1 /* TweeterTests */ = {
			isa = PBXNativeTarget;
			buildConfigurationList = FA067B511C61798D0012FEC1 /* Build configuration list for PBXNativeTarget "TweeterTests" */;
			buildPhases = (
				FA067B361C61798D0012FEC1 /* Sources */,
				FA067B371C61798D0012FEC1 /* Frameworks */,
				FA067B381C61798D0012FEC1 /* Resources */,
			);
			buildRules = (
			);
			dependencies = (
				FA067B3C1C61798D0012FEC1 /* PBXTargetDependency */,
			);
			name = TweeterTests;
			productName = TweeterTests;
			productReference = FA067B3A1C61798D0012FEC1 /* TweeterTests.xctest */;
			productType = "com.apple.product-type.bundle.unit-test";
		};
		FA067B441C61798D0012FEC1 /* TweeterUITests */ = {
			isa = PBXNativeTarget;
			buildConfigurationList = FA067B541C61798D0012FEC1 /* Build configuration list for PBXNativeTarget "TweeterUITests" */;
			buildPhases = (
				FA067B411C61798D0012FEC1 /* Sources */,
				FA067B421C61798D0012FEC1 /* Frameworks */,
				FA067B431C61798D0012FEC1 /* Resources */,
			);
			buildRules = (
			);
			dependencies = (
				FA067B471C61798D0012FEC1 /* PBXTargetDependency */,
			);
			name = TweeterUITests;
			productName = TweeterUITests;
			productReference = FA067B451C61798D0012FEC1 /* TweeterUITests.xctest */;
			productType = "com.apple.product-type.bundle.ui-testing";
		};
/* End PBXNativeTarget section */

/* Begin PBXProject section */
		FA067B1B1C61798D0012FEC1 /* Project object */ = {
			isa = PBXProject;
			attributes = {
				LastSwiftUpdateCheck = 0720;
				LastUpgradeCheck = 0720;
				ORGANIZATIONNAME = "R. Alex Clark";
				TargetAttributes = {
					FA067B221C61798D0012FEC1 = {
						CreatedOnToolsVersion = 7.2;
					};
					FA067B391C61798D0012FEC1 = {
						CreatedOnToolsVersion = 7.2;
						TestTargetID = FA067B221C61798D0012FEC1;
					};
					FA067B441C61798D0012FEC1 = {
						CreatedOnToolsVersion = 7.2;
						TestTargetID = FA067B221C61798D0012FEC1;
					};
				};
			};
			buildConfigurationList = FA067B1E1C61798D0012FEC1 /* Build configuration list for PBXProject "Tweeter" */;
			compatibilityVersion = "Xcode 3.2";
			developmentRegion = English;
			hasScannedForEncodings = 0;
			knownRegions = (
				en,
				Base,
			);
			mainGroup = FA067B1A1C61798D0012FEC1;
			productRefGroup = FA067B241C61798D0012FEC1 /* Products */;
			projectDirPath = "";
			projectRoot = "";
			targets = (
				FA067B221C61798D0012FEC1 /* Tweeter */,
				FA067B391C61798D0012FEC1 /* TweeterTests */,
				FA067B441C61798D0012FEC1 /* TweeterUITests */,
			);
		};
/* End PBXProject section */

/* Begin PBXResourcesBuildPhase section */
		FA067B211C61798D0012FEC1 /* Resources */ = {
			isa = PBXResourcesBuildPhase;
			buildActionMask = 2147483647;
			files = (
				FA067B341C61798D0012FEC1 /* LaunchScreen.storyboard in Resources */,
				FA067B311C61798D0012FEC1 /* Assets.xcassets in Resources */,
				FA067B2C1C61798D0012FEC1 /* Main.storyboard in Resources */,
			);
			runOnlyForDeploymentPostprocessing = 0;
		};
		FA067B381C61798D0012FEC1 /* Resources */ = {
			isa = PBXResourcesBuildPhase;
			buildActionMask = 2147483647;
			files = (
			);
			runOnlyForDeploymentPostprocessing = 0;
		};
		FA067B431C61798D0012FEC1 /* Resources */ = {
			isa = PBXResourcesBuildPhase;
			buildActionMask = 2147483647;
			files = (
			);
			runOnlyForDeploymentPostprocessing = 0;
		};
/* End PBXResourcesBuildPhase section */

/* Begin PBXShellScriptBuildPhase section */
		B4C114605C5C37D55456926D /* Embed Pods Frameworks */ = {
			isa = PBXShellScriptBuildPhase;
			buildActionMask = 2147483647;
			files = (
			);
			inputPaths = (
			);
			name = "Embed Pods Frameworks";
			outputPaths = (
			);
			runOnlyForDeploymentPostprocessing = 0;
			shellPath = /bin/sh;
			shellScript = "\"${SRCROOT}/Pods/Target Support Files/Pods-Tweeter/Pods-Tweeter-frameworks.sh\"\n";
			showEnvVarsInLog = 0;
		};
		B60E8B7D1B8A836196CECA1C /* Copy Pods Resources */ = {
			isa = PBXShellScriptBuildPhase;
			buildActionMask = 2147483647;
			files = (
			);
			inputPaths = (
			);
			name = "Copy Pods Resources";
			outputPaths = (
			);
			runOnlyForDeploymentPostprocessing = 0;
			shellPath = /bin/sh;
			shellScript = "\"${SRCROOT}/Pods/Target Support Files/Pods-Tweeter/Pods-Tweeter-resources.sh\"\n";
			showEnvVarsInLog = 0;
		};
		B620832AD28553CCFF1EBCC7 /* Check Pods Manifest.lock */ = {
			isa = PBXShellScriptBuildPhase;
			buildActionMask = 2147483647;
			files = (
			);
			inputPaths = (
			);
			name = "Check Pods Manifest.lock";
			outputPaths = (
			);
			runOnlyForDeploymentPostprocessing = 0;
			shellPath = /bin/sh;
			shellScript = "diff \"${PODS_ROOT}/../Podfile.lock\" \"${PODS_ROOT}/Manifest.lock\" > /dev/null\nif [[ $? != 0 ]] ; then\n    cat << EOM\nerror: The sandbox is not in sync with the Podfile.lock. Run 'pod install' or update your CocoaPods installation.\nEOM\n    exit 1\nfi\n";
			showEnvVarsInLog = 0;
		};
/* End PBXShellScriptBuildPhase section */

/* Begin PBXSourcesBuildPhase section */
		FA067B1F1C61798D0012FEC1 /* Sources */ = {
			isa = PBXSourcesBuildPhase;
			buildActionMask = 2147483647;
			files = (
				FA108A511C6730B4008338CA /* TwitterClient.swift in Sources */,
				FA067B2F1C61798D0012FEC1 /* Tweeter.xcdatamodeld in Sources */,
				FA71CFC11C6832D0008B7627 /* TweetDetailViewController.swift in Sources */,
				FA067B271C61798D0012FEC1 /* AppDelegate.swift in Sources */,
				FA71CFBF1C67D862008B7627 /* TweetCell.swift in Sources */,
				FA108A561C674302008338CA /* Tweet.swift in Sources */,
				FAB123391C72D965000D2492 /* ProfileViewController.swift in Sources */,
				FA108A581C6750D0008338CA /* TimelineViewController.swift in Sources */,
				FA108A541C6742F1008338CA /* User.swift in Sources */,
				FA108A4E1C672EFE008338CA /* LoginViewController.swift in Sources */,
				FAB123371C72D957000D2492 /* NewTweetViewController.swift in Sources */,
			);
			runOnlyForDeploymentPostprocessing = 0;
		};
		FA067B361C61798D0012FEC1 /* Sources */ = {
			isa = PBXSourcesBuildPhase;
			buildActionMask = 2147483647;
			files = (
				FA067B3F1C61798D0012FEC1 /* TweeterTests.swift in Sources */,
			);
			runOnlyForDeploymentPostprocessing = 0;
		};
		FA067B411C61798D0012FEC1 /* Sources */ = {
			isa = PBXSourcesBuildPhase;
			buildActionMask = 2147483647;
			files = (
				FA067B4A1C61798D0012FEC1 /* TweeterUITests.swift in Sources */,
			);
			runOnlyForDeploymentPostprocessing = 0;
		};
/* End PBXSourcesBuildPhase section */

/* Begin PBXTargetDependency section */
		FA067B3C1C61798D0012FEC1 /* PBXTargetDependency */ = {
			isa = PBXTargetDependency;
			target = FA067B221C61798D0012FEC1 /* Tweeter */;
			targetProxy = FA067B3B1C61798D0012FEC1 /* PBXContainerItemProxy */;
		};
		FA067B471C61798D0012FEC1 /* PBXTargetDependency */ = {
			isa = PBXTargetDependency;
			target = FA067B221C61798D0012FEC1 /* Tweeter */;
			targetProxy = FA067B461C61798D0012FEC1 /* PBXContainerItemProxy */;
		};
/* End PBXTargetDependency section */

/* Begin PBXVariantGroup section */
		FA067B2A1C61798D0012FEC1 /* Main.storyboard */ = {
			isa = PBXVariantGroup;
			children = (
				FA067B2B1C61798D0012FEC1 /* Base */,
			);
			name = Main.storyboard;
			sourceTree = "<group>";
		};
		FA067B321C61798D0012FEC1 /* LaunchScreen.storyboard */ = {
			isa = PBXVariantGroup;
			children = (
				FA067B331C61798D0012FEC1 /* Base */,
			);
			name = LaunchScreen.storyboard;
			sourceTree = "<group>";
		};
/* End PBXVariantGroup section */

/* Begin XCBuildConfiguration section */
		FA067B4C1C61798D0012FEC1 /* Debug */ = {
			isa = XCBuildConfiguration;
			buildSettings = {
				ALWAYS_SEARCH_USER_PATHS = NO;
				CLANG_CXX_LANGUAGE_STANDARD = "gnu++0x";
				CLANG_CXX_LIBRARY = "libc++";
				CLANG_ENABLE_MODULES = YES;
				CLANG_ENABLE_OBJC_ARC = YES;
				CLANG_WARN_BOOL_CONVERSION = YES;
				CLANG_WARN_CONSTANT_CONVERSION = YES;
				CLANG_WARN_DIRECT_OBJC_ISA_USAGE = YES_ERROR;
				CLANG_WARN_EMPTY_BODY = YES;
				CLANG_WARN_ENUM_CONVERSION = YES;
				CLANG_WARN_INT_CONVERSION = YES;
				CLANG_WARN_OBJC_ROOT_CLASS = YES_ERROR;
				CLANG_WARN_UNREACHABLE_CODE = YES;
				CLANG_WARN__DUPLICATE_METHOD_MATCH = YES;
				"CODE_SIGN_IDENTITY[sdk=iphoneos*]" = "iPhone Developer";
				COPY_PHASE_STRIP = NO;
				DEBUG_INFORMATION_FORMAT = dwarf;
				ENABLE_STRICT_OBJC_MSGSEND = YES;
				ENABLE_TESTABILITY = YES;
				GCC_C_LANGUAGE_STANDARD = gnu99;
				GCC_DYNAMIC_NO_PIC = NO;
				GCC_NO_COMMON_BLOCKS = YES;
				GCC_OPTIMIZATION_LEVEL = 0;
				GCC_PREPROCESSOR_DEFINITIONS = (
					"DEBUG=1",
					"$(inherited)",
				);
				GCC_WARN_64_TO_32_BIT_CONVERSION = YES;
				GCC_WARN_ABOUT_RETURN_TYPE = YES_ERROR;
				GCC_WARN_UNDECLARED_SELECTOR = YES;
				GCC_WARN_UNINITIALIZED_AUTOS = YES_AGGRESSIVE;
				GCC_WARN_UNUSED_FUNCTION = YES;
				GCC_WARN_UNUSED_VARIABLE = YES;
				IPHONEOS_DEPLOYMENT_TARGET = 9.2;
				MTL_ENABLE_DEBUG_INFO = YES;
				ONLY_ACTIVE_ARCH = YES;
				SDKROOT = iphoneos;
				SWIFT_OPTIMIZATION_LEVEL = "-Onone";
			};
			name = Debug;
		};
		FA067B4D1C61798D0012FEC1 /* Release */ = {
			isa = XCBuildConfiguration;
			buildSettings = {
				ALWAYS_SEARCH_USER_PATHS = NO;
				CLANG_CXX_LANGUAGE_STANDARD = "gnu++0x";
				CLANG_CXX_LIBRARY = "libc++";
				CLANG_ENABLE_MODULES = YES;
				CLANG_ENABLE_OBJC_ARC = YES;
				CLANG_WARN_BOOL_CONVERSION = YES;
				CLANG_WARN_CONSTANT_CONVERSION = YES;
				CLANG_WARN_DIRECT_OBJC_ISA_USAGE = YES_ERROR;
				CLANG_WARN_EMPTY_BODY = YES;
				CLANG_WARN_ENUM_CONVERSION = YES;
				CLANG_WARN_INT_CONVERSION = YES;
				CLANG_WARN_OBJC_ROOT_CLASS = YES_ERROR;
				CLANG_WARN_UNREACHABLE_CODE = YES;
				CLANG_WARN__DUPLICATE_METHOD_MATCH = YES;
				"CODE_SIGN_IDENTITY[sdk=iphoneos*]" = "iPhone Developer";
				COPY_PHASE_STRIP = NO;
				DEBUG_INFORMATION_FORMAT = "dwarf-with-dsym";
				ENABLE_NS_ASSERTIONS = NO;
				ENABLE_STRICT_OBJC_MSGSEND = YES;
				GCC_C_LANGUAGE_STANDARD = gnu99;
				GCC_NO_COMMON_BLOCKS = YES;
				GCC_WARN_64_TO_32_BIT_CONVERSION = YES;
				GCC_WARN_ABOUT_RETURN_TYPE = YES_ERROR;
				GCC_WARN_UNDECLARED_SELECTOR = YES;
				GCC_WARN_UNINITIALIZED_AUTOS = YES_AGGRESSIVE;
				GCC_WARN_UNUSED_FUNCTION = YES;
				GCC_WARN_UNUSED_VARIABLE = YES;
				IPHONEOS_DEPLOYMENT_TARGET = 9.2;
				MTL_ENABLE_DEBUG_INFO = NO;
				SDKROOT = iphoneos;
				VALIDATE_PRODUCT = YES;
			};
			name = Release;
		};
		FA067B4F1C61798D0012FEC1 /* Debug */ = {
			isa = XCBuildConfiguration;
			baseConfigurationReference = 7E572D7F55DB050B4A76A614 /* Pods-Tweeter.debug.xcconfig */;
			buildSettings = {
				ASSETCATALOG_COMPILER_APPICON_NAME = AppIcon;
				INFOPLIST_FILE = Tweeter/Info.plist;
				LD_RUNPATH_SEARCH_PATHS = "$(inherited) @executable_path/Frameworks";
				PRODUCT_BUNDLE_IDENTIFIER = com.AlexClark.Tweeter;
				PRODUCT_NAME = "$(TARGET_NAME)";
			};
			name = Debug;
		};
		FA067B501C61798D0012FEC1 /* Release */ = {
			isa = XCBuildConfiguration;
			baseConfigurationReference = 06EEF47EFDA929368C151A64 /* Pods-Tweeter.release.xcconfig */;
			buildSettings = {
				ASSETCATALOG_COMPILER_APPICON_NAME = AppIcon;
				INFOPLIST_FILE = Tweeter/Info.plist;
				LD_RUNPATH_SEARCH_PATHS = "$(inherited) @executable_path/Frameworks";
				PRODUCT_BUNDLE_IDENTIFIER = com.AlexClark.Tweeter;
				PRODUCT_NAME = "$(TARGET_NAME)";
			};
			name = Release;
		};
		FA067B521C61798D0012FEC1 /* Debug */ = {
			isa = XCBuildConfiguration;
			buildSettings = {
				BUNDLE_LOADER = "$(TEST_HOST)";
				INFOPLIST_FILE = TweeterTests/Info.plist;
				LD_RUNPATH_SEARCH_PATHS = "$(inherited) @executable_path/Frameworks @loader_path/Frameworks";
				PRODUCT_BUNDLE_IDENTIFIER = com.AlexClark.TweeterTests;
				PRODUCT_NAME = "$(TARGET_NAME)";
				TEST_HOST = "$(BUILT_PRODUCTS_DIR)/Tweeter.app/Tweeter";
			};
			name = Debug;
		};
		FA067B531C61798D0012FEC1 /* Release */ = {
			isa = XCBuildConfiguration;
			buildSettings = {
				BUNDLE_LOADER = "$(TEST_HOST)";
				INFOPLIST_FILE = TweeterTests/Info.plist;
				LD_RUNPATH_SEARCH_PATHS = "$(inherited) @executable_path/Frameworks @loader_path/Frameworks";
				PRODUCT_BUNDLE_IDENTIFIER = com.AlexClark.TweeterTests;
				PRODUCT_NAME = "$(TARGET_NAME)";
				TEST_HOST = "$(BUILT_PRODUCTS_DIR)/Tweeter.app/Tweeter";
			};
			name = Release;
		};
		FA067B551C61798D0012FEC1 /* Debug */ = {
			isa = XCBuildConfiguration;
			buildSettings = {
				INFOPLIST_FILE = TweeterUITests/Info.plist;
				LD_RUNPATH_SEARCH_PATHS = "$(inherited) @executable_path/Frameworks @loader_path/Frameworks";
				PRODUCT_BUNDLE_IDENTIFIER = com.AlexClark.TweeterUITests;
				PRODUCT_NAME = "$(TARGET_NAME)";
				TEST_TARGET_NAME = Tweeter;
				USES_XCTRUNNER = YES;
			};
			name = Debug;
		};
		FA067B561C61798D0012FEC1 /* Release */ = {
			isa = XCBuildConfiguration;
			buildSettings = {
				INFOPLIST_FILE = TweeterUITests/Info.plist;
				LD_RUNPATH_SEARCH_PATHS = "$(inherited) @executable_path/Frameworks @loader_path/Frameworks";
				PRODUCT_BUNDLE_IDENTIFIER = com.AlexClark.TweeterUITests;
				PRODUCT_NAME = "$(TARGET_NAME)";
				TEST_TARGET_NAME = Tweeter;
				USES_XCTRUNNER = YES;
			};
			name = Release;
		};
/* End XCBuildConfiguration section */

/* Begin XCConfigurationList section */
		FA067B1E1C61798D0012FEC1 /* Build configuration list for PBXProject "Tweeter" */ = {
			isa = XCConfigurationList;
			buildConfigurations = (
				FA067B4C1C61798D0012FEC1 /* Debug */,
				FA067B4D1C61798D0012FEC1 /* Release */,
			);
			defaultConfigurationIsVisible = 0;
			defaultConfigurationName = Release;
		};
		FA067B4E1C61798D0012FEC1 /* Build configuration list for PBXNativeTarget "Tweeter" */ = {
			isa = XCConfigurationList;
			buildConfigurations = (
				FA067B4F1C61798D0012FEC1 /* Debug */,
				FA067B501C61798D0012FEC1 /* Release */,
			);
			defaultConfigurationIsVisible = 0;
			defaultConfigurationName = Release;
		};
		FA067B511C61798D0012FEC1 /* Build configuration list for PBXNativeTarget "TweeterTests" */ = {
			isa = XCConfigurationList;
			buildConfigurations = (
				FA067B521C61798D0012FEC1 /* Debug */,
				FA067B531C61798D0012FEC1 /* Release */,
			);
			defaultConfigurationIsVisible = 0;
			defaultConfigurationName = Release;
		};
		FA067B541C61798D0012FEC1 /* Build configuration list for PBXNativeTarget "TweeterUITests" */ = {
			isa = XCConfigurationList;
			buildConfigurations = (
				FA067B551C61798D0012FEC1 /* Debug */,
				FA067B561C61798D0012FEC1 /* Release */,
			);
			defaultConfigurationIsVisible = 0;
			defaultConfigurationName = Release;
		};
/* End XCConfigurationList section */

/* Begin XCVersionGroup section */
		FA067B2D1C61798D0012FEC1 /* Tweeter.xcdatamodeld */ = {
			isa = XCVersionGroup;
			children = (
				FA067B2E1C61798D0012FEC1 /* Tweeter.xcdatamodel */,
			);
			currentVersion = FA067B2E1C61798D0012FEC1 /* Tweeter.xcdatamodel */;
			path = Tweeter.xcdatamodeld;
			sourceTree = "<group>";
			versionGroupType = wrapper.xcdatamodel;
		};
/* End XCVersionGroup section */
	};
	rootObject = FA067B1B1C61798D0012FEC1 /* Project object */;
}
